<?xml version="1.0" encoding="utf-8"?>
<Project ToolsVersion="14.0" xmlns="http://schemas.microsoft.com/developer/msbuild/2003">
  <ItemGroup>
    <ClCompile Include="C:\mumps\lapack-3.6.1\CBLAS\examples\cblas_example1.c">
      <Filter>Source Files</Filter>
    </ClCompile>
  </ItemGroup>
  <ItemGroup>
    <CustomBuild Include="C:\mumps\lapack-3.6.1\CBLAS\examples\CMakeLists.txt" />
  </ItemGroup>
  <ItemGroup>
    <Filter Include="Source Files">
      <UniqueIdentifier>{8795AAE8-C890-37E7-8C65-991593D72DA4}</UniqueIdentifier>
    </Filter>
  </ItemGroup>
</Project>
