Microsoft Visual Studio Solution File, Format Version 12.00
# Visual Studio 14
Project("{8BC9CEB8-8B4A-11D0-8D11-00A0C91BC942}") = "ALL_BUILD", "ALL_BUILD.vcxproj", "{3631A29C-32CD-3F76-B231-68B7FD833203}"
	ProjectSection(ProjectDependencies) = postProject
		{801B0320-C77B-3FFA-B158-24FE7063CD56} = {801B0320-C77B-3FFA-B158-24FE7063CD56}
		{3AD2B14D-6ED8-3442-89D9-E7F9C8C8F811} = {3AD2B14D-6ED8-3442-89D9-E7F9C8C8F811}
		{D7301058-A213-31DB-8170-23C82A07C8A9} = {D7301058-A213-31DB-8170-23C82A07C8A9}
		{CAC8F89E-8FBD-3D84-B7EA-7B4B7333D13A} = {CAC8F89E-8FBD-3D84-B7EA-7B4B7333D13A}
		{5290BBB6-6173-3B0C-9695-E75DD632BCFD} = {5290BBB6-6173-3B0C-9695-E75DD632BCFD}
		{C734E830-A6EE-36B1-8C2D-F6F4C2FE015F} = {C734E830-A6EE-36B1-8C2D-F6F4C2FE015F}
		{2172C26D-E015-372D-BB76-7C7E4F6C057E} = {2172C26D-E015-372D-BB76-7C7E4F6C057E}
		{691E5042-EC2E-3301-90D5-61CB7D7F9529} = {691E5042-EC2E-3301-90D5-61CB7D7F9529}
		{B962DACD-C8B0-319B-ABEA-817C7E6CFDF0} = {B962DACD-C8B0-319B-ABEA-817C7E6CFDF0}
		{C82D515D-7217-3AF3-ADC1-3D5A6851C028} = {C82D515D-7217-3AF3-ADC1-3D5A6851C028}
	EndProjectSection
EndProject
Project("{8BC9CEB8-8B4A-11D0-8D11-00A0C91BC942}") = "INSTALL", "INSTALL.vcxproj", "{BAE4C807-C396-36E5-A388-5AF69B69B388}"
	ProjectSection(ProjectDependencies) = postProject
		{3631A29C-32CD-3F76-B231-68B7FD833203} = {3631A29C-32CD-3F76-B231-68B7FD833203}
		{2172C26D-E015-372D-BB76-7C7E4F6C057E} = {2172C26D-E015-372D-BB76-7C7E4F6C057E}
	EndProjectSection
EndProject
Project("{8BC9CEB8-8B4A-11D0-8D11-00A0C91BC942}") = "LIBMPISEQ_C", "LIBMPISEQ_C.vcxproj", "{801B0320-C77B-3FFA-B158-24FE7063CD56}"
	ProjectSection(ProjectDependencies) = postProject
		{2172C26D-E015-372D-BB76-7C7E4F6C057E} = {2172C26D-E015-372D-BB76-7C7E4F6C057E}
	EndProjectSection
EndProject
Project("{6989167D-11E4-40FE-8C1A-2192A86A7E90}") = "LIBMPISEQ_FORTRAN", "LIBMPISEQ_FORTRAN.vfproj", "{3AD2B14D-6ED8-3442-89D9-E7F9C8C8F811}"
	ProjectSection(ProjectDependencies) = postProject
		{2172C26D-E015-372D-BB76-7C7E4F6C057E} = {2172C26D-E015-372D-BB76-7C7E4F6C057E}
	EndProjectSection
EndProject
Project("{8BC9CEB8-8B4A-11D0-8D11-00A0C91BC942}") = "MUMPS_COMMON_OBJ_C", "MUMPS_COMMON_OBJ_C.vcxproj", "{D7301058-A213-31DB-8170-23C82A07C8A9}"
	ProjectSection(ProjectDependencies) = postProject
		{2172C26D-E015-372D-BB76-7C7E4F6C057E} = {2172C26D-E015-372D-BB76-7C7E4F6C057E}
	EndProjectSection
EndProject
Project("{6989167D-11E4-40FE-8C1A-2192A86A7E90}") = "MUMPS_COMMON_OBJ_FORTRAN", "MUMPS_COMMON_OBJ_FORTRAN.vfproj", "{CAC8F89E-8FBD-3D84-B7EA-7B4B7333D13A}"
	ProjectSection(ProjectDependencies) = postProject
		{2172C26D-E015-372D-BB76-7C7E4F6C057E} = {2172C26D-E015-372D-BB76-7C7E4F6C057E}
	EndProjectSection
EndProject
Project("{6989167D-11E4-40FE-8C1A-2192A86A7E90}") = "MUMPS_SPECIFIC_OBJ_FORTRAN", "MUMPS_SPECIFIC_OBJ_FORTRAN.vfproj", "{5290BBB6-6173-3B0C-9695-E75DD632BCFD}"
	ProjectSection(ProjectDependencies) = postProject
		{2172C26D-E015-372D-BB76-7C7E4F6C057E} = {2172C26D-E015-372D-BB76-7C7E4F6C057E}
	EndProjectSection
EndProject
Project("{8BC9CEB8-8B4A-11D0-8D11-00A0C91BC942}") = "PORD_C", "PORD_C.vcxproj", "{C734E830-A6EE-36B1-8C2D-F6F4C2FE015F}"
	ProjectSection(ProjectDependencies) = postProject
		{2172C26D-E015-372D-BB76-7C7E4F6C057E} = {2172C26D-E015-372D-BB76-7C7E4F6C057E}
	EndProjectSection
EndProject
Project("{8BC9CEB8-8B4A-11D0-8D11-00A0C91BC942}") = "ZERO_CHECK", "ZERO_CHECK.vcxproj", "{2172C26D-E015-372D-BB76-7C7E4F6C057E}"
	ProjectSection(ProjectDependencies) = postProject
	EndProjectSection
EndProject
Project("{8BC9CEB8-8B4A-11D0-8D11-00A0C91BC942}") = "c_example", "c_example.vcxproj", "{691E5042-EC2E-3301-90D5-61CB7D7F9529}"
	ProjectSection(ProjectDependencies) = postProject
		{2172C26D-E015-372D-BB76-7C7E4F6C057E} = {2172C26D-E015-372D-BB76-7C7E4F6C057E}
		{C82D515D-7217-3AF3-ADC1-3D5A6851C028} = {C82D515D-7217-3AF3-ADC1-3D5A6851C028}
	EndProjectSection
EndProject
Project("{6989167D-11E4-40FE-8C1A-2192A86A7E90}") = "dsimpletest", "dsimpletest.vfproj", "{B962DACD-C8B0-319B-ABEA-817C7E6CFDF0}"
	ProjectSection(ProjectDependencies) = postProject
		{2172C26D-E015-372D-BB76-7C7E4F6C057E} = {2172C26D-E015-372D-BB76-7C7E4F6C057E}
		{C82D515D-7217-3AF3-ADC1-3D5A6851C028} = {C82D515D-7217-3AF3-ADC1-3D5A6851C028}
	EndProjectSection
EndProject
Project("{8BC9CEB8-8B4A-11D0-8D11-00A0C91BC942}") = "libdmumps", "libdmumps.vcxproj", "{C82D515D-7217-3AF3-ADC1-3D5A6851C028}"
	ProjectSection(ProjectDependencies) = postProject
		{801B0320-C77B-3FFA-B158-24FE7063CD56} = {801B0320-C77B-3FFA-B158-24FE7063CD56}
		{3AD2B14D-6ED8-3442-89D9-E7F9C8C8F811} = {3AD2B14D-6ED8-3442-89D9-E7F9C8C8F811}
		{D7301058-A213-31DB-8170-23C82A07C8A9} = {D7301058-A213-31DB-8170-23C82A07C8A9}
		{CAC8F89E-8FBD-3D84-B7EA-7B4B7333D13A} = {CAC8F89E-8FBD-3D84-B7EA-7B4B7333D13A}
		{5290BBB6-6173-3B0C-9695-E75DD632BCFD} = {5290BBB6-6173-3B0C-9695-E75DD632BCFD}
		{C734E830-A6EE-36B1-8C2D-F6F4C2FE015F} = {C734E830-A6EE-36B1-8C2D-F6F4C2FE015F}
		{2172C26D-E015-372D-BB76-7C7E4F6C057E} = {2172C26D-E015-372D-BB76-7C7E4F6C057E}
	EndProjectSection
EndProject
Global
	GlobalSection(SolutionConfigurationPlatforms) = preSolution
		Debug|Win32 = Debug|Win32
		Release|Win32 = Release|Win32
		MinSizeRel|Win32 = MinSizeRel|Win32
		RelWithDebInfo|Win32 = RelWithDebInfo|Win32
	EndGlobalSection
	GlobalSection(ProjectConfigurationPlatforms) = postSolution
		{3631A29C-32CD-3F76-B231-68B7FD833203}.Debug|Win32.ActiveCfg = Debug|Win32
		{3631A29C-32CD-3F76-B231-68B7FD833203}.Debug|Win32.Build.0 = Debug|Win32
		{3631A29C-32CD-3F76-B231-68B7FD833203}.Release|Win32.ActiveCfg = Release|Win32
		{3631A29C-32CD-3F76-B231-68B7FD833203}.Release|Win32.Build.0 = Release|Win32
		{3631A29C-32CD-3F76-B231-68B7FD833203}.MinSizeRel|Win32.ActiveCfg = MinSizeRel|Win32
		{3631A29C-32CD-3F76-B231-68B7FD833203}.MinSizeRel|Win32.Build.0 = MinSizeRel|Win32
		{3631A29C-32CD-3F76-B231-68B7FD833203}.RelWithDebInfo|Win32.ActiveCfg = RelWithDebInfo|Win32
		{3631A29C-32CD-3F76-B231-68B7FD833203}.RelWithDebInfo|Win32.Build.0 = RelWithDebInfo|Win32
		{BAE4C807-C396-36E5-A388-5AF69B69B388}.Debug|Win32.ActiveCfg = Debug|Win32
		{BAE4C807-C396-36E5-A388-5AF69B69B388}.Release|Win32.ActiveCfg = Release|Win32
		{BAE4C807-C396-36E5-A388-5AF69B69B388}.MinSizeRel|Win32.ActiveCfg = MinSizeRel|Win32
		{BAE4C807-C396-36E5-A388-5AF69B69B388}.RelWithDebInfo|Win32.ActiveCfg = RelWithDebInfo|Win32
		{801B0320-C77B-3FFA-B158-24FE7063CD56}.Debug|Win32.ActiveCfg = Debug|Win32
		{801B0320-C77B-3FFA-B158-24FE7063CD56}.Debug|Win32.Build.0 = Debug|Win32
		{801B0320-C77B-3FFA-B158-24FE7063CD56}.Release|Win32.ActiveCfg = Release|Win32
		{801B0320-C77B-3FFA-B158-24FE7063CD56}.Release|Win32.Build.0 = Release|Win32
		{801B0320-C77B-3FFA-B158-24FE7063CD56}.MinSizeRel|Win32.ActiveCfg = MinSizeRel|Win32
		{801B0320-C77B-3FFA-B158-24FE7063CD56}.MinSizeRel|Win32.Build.0 = MinSizeRel|Win32
		{801B0320-C77B-3FFA-B158-24FE7063CD56}.RelWithDebInfo|Win32.ActiveCfg = RelWithDebInfo|Win32
		{801B0320-C77B-3FFA-B158-24FE7063CD56}.RelWithDebInfo|Win32.Build.0 = RelWithDebInfo|Win32
		{3AD2B14D-6ED8-3442-89D9-E7F9C8C8F811}.Debug|Win32.ActiveCfg = Debug|Win32
		{3AD2B14D-6ED8-3442-89D9-E7F9C8C8F811}.Debug|Win32.Build.0 = Debug|Win32
		{3AD2B14D-6ED8-3442-89D9-E7F9C8C8F811}.Release|Win32.ActiveCfg = Release|Win32
		{3AD2B14D-6ED8-3442-89D9-E7F9C8C8F811}.Release|Win32.Build.0 = Release|Win32
		{3AD2B14D-6ED8-3442-89D9-E7F9C8C8F811}.MinSizeRel|Win32.ActiveCfg = MinSizeRel|Win32
		{3AD2B14D-6ED8-3442-89D9-E7F9C8C8F811}.MinSizeRel|Win32.Build.0 = MinSizeRel|Win32
		{3AD2B14D-6ED8-3442-89D9-E7F9C8C8F811}.RelWithDebInfo|Win32.ActiveCfg = RelWithDebInfo|Win32
		{3AD2B14D-6ED8-3442-89D9-E7F9C8C8F811}.RelWithDebInfo|Win32.Build.0 = RelWithDebInfo|Win32
		{D7301058-A213-31DB-8170-23C82A07C8A9}.Debug|Win32.ActiveCfg = Debug|Win32
		{D7301058-A213-31DB-8170-23C82A07C8A9}.Debug|Win32.Build.0 = Debug|Win32
		{D7301058-A213-31DB-8170-23C82A07C8A9}.Release|Win32.ActiveCfg = Release|Win32
		{D7301058-A213-31DB-8170-23C82A07C8A9}.Release|Win32.Build.0 = Release|Win32
		{D7301058-A213-31DB-8170-23C82A07C8A9}.MinSizeRel|Win32.ActiveCfg = MinSizeRel|Win32
		{D7301058-A213-31DB-8170-23C82A07C8A9}.MinSizeRel|Win32.Build.0 = MinSizeRel|Win32
		{D7301058-A213-31DB-8170-23C82A07C8A9}.RelWithDebInfo|Win32.ActiveCfg = RelWithDebInfo|Win32
		{D7301058-A213-31DB-8170-23C82A07C8A9}.RelWithDebInfo|Win32.Build.0 = RelWithDebInfo|Win32
		{CAC8F89E-8FBD-3D84-B7EA-7B4B7333D13A}.Debug|Win32.ActiveCfg = Debug|Win32
		{CAC8F89E-8FBD-3D84-B7EA-7B4B7333D13A}.Debug|Win32.Build.0 = Debug|Win32
		{CAC8F89E-8FBD-3D84-B7EA-7B4B7333D13A}.Release|Win32.ActiveCfg = Release|Win32
		{CAC8F89E-8FBD-3D84-B7EA-7B4B7333D13A}.Release|Win32.Build.0 = Release|Win32
		{CAC8F89E-8FBD-3D84-B7EA-7B4B7333D13A}.MinSizeRel|Win32.ActiveCfg = MinSizeRel|Win32
		{CAC8F89E-8FBD-3D84-B7EA-7B4B7333D13A}.MinSizeRel|Win32.Build.0 = MinSizeRel|Win32
		{CAC8F89E-8FBD-3D84-B7EA-7B4B7333D13A}.RelWithDebInfo|Win32.ActiveCfg = RelWithDebInfo|Win32
		{CAC8F89E-8FBD-3D84-B7EA-7B4B7333D13A}.RelWithDebInfo|Win32.Build.0 = RelWithDebInfo|Win32
		{5290BBB6-6173-3B0C-9695-E75DD632BCFD}.Debug|Win32.ActiveCfg = Debug|Win32
		{5290BBB6-6173-3B0C-9695-E75DD632BCFD}.Debug|Win32.Build.0 = Debug|Win32
		{5290BBB6-6173-3B0C-9695-E75DD632BCFD}.Release|Win32.ActiveCfg = Release|Win32
		{5290BBB6-6173-3B0C-9695-E75DD632BCFD}.Release|Win32.Build.0 = Release|Win32
		{5290BBB6-6173-3B0C-9695-E75DD632BCFD}.MinSizeRel|Win32.ActiveCfg = MinSizeRel|Win32
		{5290BBB6-6173-3B0C-9695-E75DD632BCFD}.MinSizeRel|Win32.Build.0 = MinSizeRel|Win32
		{5290BBB6-6173-3B0C-9695-E75DD632BCFD}.RelWithDebInfo|Win32.ActiveCfg = RelWithDebInfo|Win32
		{5290BBB6-6173-3B0C-9695-E75DD632BCFD}.RelWithDebInfo|Win32.Build.0 = RelWithDebInfo|Win32
		{C734E830-A6EE-36B1-8C2D-F6F4C2FE015F}.Debug|Win32.ActiveCfg = Debug|Win32
		{C734E830-A6EE-36B1-8C2D-F6F4C2FE015F}.Debug|Win32.Build.0 = Debug|Win32
		{C734E830-A6EE-36B1-8C2D-F6F4C2FE015F}.Release|Win32.ActiveCfg = Release|Win32
		{C734E830-A6EE-36B1-8C2D-F6F4C2FE015F}.Release|Win32.Build.0 = Release|Win32
		{C734E830-A6EE-36B1-8C2D-F6F4C2FE015F}.MinSizeRel|Win32.ActiveCfg = MinSizeRel|Win32
		{C734E830-A6EE-36B1-8C2D-F6F4C2FE015F}.MinSizeRel|Win32.Build.0 = MinSizeRel|Win32
		{C734E830-A6EE-36B1-8C2D-F6F4C2FE015F}.RelWithDebInfo|Win32.ActiveCfg = RelWithDebInfo|Win32
		{C734E830-A6EE-36B1-8C2D-F6F4C2FE015F}.RelWithDebInfo|Win32.Build.0 = RelWithDebInfo|Win32
		{2172C26D-E015-372D-BB76-7C7E4F6C057E}.Debug|Win32.ActiveCfg = Debug|Win32
		{2172C26D-E015-372D-BB76-7C7E4F6C057E}.Debug|Win32.Build.0 = Debug|Win32
		{2172C26D-E015-372D-BB76-7C7E4F6C057E}.Release|Win32.ActiveCfg = Release|Win32
		{2172C26D-E015-372D-BB76-7C7E4F6C057E}.Release|Win32.Build.0 = Release|Win32
		{2172C26D-E015-372D-BB76-7C7E4F6C057E}.MinSizeRel|Win32.ActiveCfg = MinSizeRel|Win32
		{2172C26D-E015-372D-BB76-7C7E4F6C057E}.MinSizeRel|Win32.Build.0 = MinSizeRel|Win32
		{2172C26D-E015-372D-BB76-7C7E4F6C057E}.RelWithDebInfo|Win32.ActiveCfg = RelWithDebInfo|Win32
		{2172C26D-E015-372D-BB76-7C7E4F6C057E}.RelWithDebInfo|Win32.Build.0 = RelWithDebInfo|Win32
		{691E5042-EC2E-3301-90D5-61CB7D7F9529}.Debug|Win32.ActiveCfg = Debug|Win32
		{691E5042-EC2E-3301-90D5-61CB7D7F9529}.Debug|Win32.Build.0 = Debug|Win32
		{691E5042-EC2E-3301-90D5-61CB7D7F9529}.Release|Win32.ActiveCfg = Release|Win32
		{691E5042-EC2E-3301-90D5-61CB7D7F9529}.Release|Win32.Build.0 = Release|Win32
		{691E5042-EC2E-3301-90D5-61CB7D7F9529}.MinSizeRel|Win32.ActiveCfg = MinSizeRel|Win32
		{691E5042-EC2E-3301-90D5-61CB7D7F9529}.MinSizeRel|Win32.Build.0 = MinSizeRel|Win32
		{691E5042-EC2E-3301-90D5-61CB7D7F9529}.RelWithDebInfo|Win32.ActiveCfg = RelWithDebInfo|Win32
		{691E5042-EC2E-3301-90D5-61CB7D7F9529}.RelWithDebInfo|Win32.Build.0 = RelWithDebInfo|Win32
		{B962DACD-C8B0-319B-ABEA-817C7E6CFDF0}.Debug|Win32.ActiveCfg = Debug|Win32
		{B962DACD-C8B0-319B-ABEA-817C7E6CFDF0}.Debug|Win32.Build.0 = Debug|Win32
		{B962DACD-C8B0-319B-ABEA-817C7E6CFDF0}.Release|Win32.ActiveCfg = Release|Win32
		{B962DACD-C8B0-319B-ABEA-817C7E6CFDF0}.Release|Win32.Build.0 = Release|Win32
		{B962DACD-C8B0-319B-ABEA-817C7E6CFDF0}.MinSizeRel|Win32.ActiveCfg = MinSizeRel|Win32
		{B962DACD-C8B0-319B-ABEA-817C7E6CFDF0}.MinSizeRel|Win32.Build.0 = MinSizeRel|Win32
		{B962DACD-C8B0-319B-ABEA-817C7E6CFDF0}.RelWithDebInfo|Win32.ActiveCfg = RelWithDebInfo|Win32
		{B962DACD-C8B0-319B-ABEA-817C7E6CFDF0}.RelWithDebInfo|Win32.Build.0 = RelWithDebInfo|Win32
		{C82D515D-7217-3AF3-ADC1-3D5A6851C028}.Debug|Win32.ActiveCfg = Debug|Win32
		{C82D515D-7217-3AF3-ADC1-3D5A6851C028}.Debug|Win32.Build.0 = Debug|Win32
		{C82D515D-7217-3AF3-ADC1-3D5A6851C028}.Release|Win32.ActiveCfg = Release|Win32
		{C82D515D-7217-3AF3-ADC1-3D5A6851C028}.Release|Win32.Build.0 = Release|Win32
		{C82D515D-7217-3AF3-ADC1-3D5A6851C028}.MinSizeRel|Win32.ActiveCfg = MinSizeRel|Win32
		{C82D515D-7217-3AF3-ADC1-3D5A6851C028}.MinSizeRel|Win32.Build.0 = MinSizeRel|Win32
		{C82D515D-7217-3AF3-ADC1-3D5A6851C028}.RelWithDebInfo|Win32.ActiveCfg = RelWithDebInfo|Win32
		{C82D515D-7217-3AF3-ADC1-3D5A6851C028}.RelWithDebInfo|Win32.Build.0 = RelWithDebInfo|Win32
	EndGlobalSection
	GlobalSection(ExtensibilityGlobals) = postSolution
		SolutionGuid = {9FE6A7E5-BCBF-3EE7-8276-0DF188DEFC90}
	EndGlobalSection
	GlobalSection(ExtensibilityAddIns) = postSolution
	EndGlobalSection
EndGlobal
