Microsoft Visual Studio Solution File, Format Version 12.00
# Visual Studio 14
Project("{8BC9CEB8-8B4A-11D0-8D11-00A0C91BC942}") = "ALL_BUILD", "ALL_BUILD.vcxproj", "{41071D5E-41E9-3509-B989-3C99CFBBBFC9}"
	ProjectSection(ProjectDependencies) = postProject
		{93ADCC3A-5982-3242-AED8-B1ED7E18738F} = {93ADCC3A-5982-3242-AED8-B1ED7E18738F}
		{0AA3CFFA-2479-3748-8DF4-369E5458FE11} = {0AA3CFFA-2479-3748-8DF4-369E5458FE11}
		{D27B8E01-DCD8-3F3D-B57D-F4D3A140A451} = {D27B8E01-DCD8-3F3D-B57D-F4D3A140A451}
		{7C453490-9468-3F8A-92A3-979851088C9C} = {7C453490-9468-3F8A-92A3-979851088C9C}
		{DAE008FB-877A-37F7-B16D-BE523E040398} = {DAE008FB-877A-37F7-B16D-BE523E040398}
		{1F534B4D-3E9A-36E0-B874-22F209BFA06D} = {1F534B4D-3E9A-36E0-B874-22F209BFA06D}
		{FC63BAA2-989D-3B33-9A6A-9E3272B42BBC} = {FC63BAA2-989D-3B33-9A6A-9E3272B42BBC}
		{42308DDB-2ACA-33AF-8A31-0585D9E6AD4D} = {42308DDB-2ACA-33AF-8A31-0585D9E6AD4D}
		{FF3C262E-798C-376F-A9E5-7A68FFC15785} = {FF3C262E-798C-376F-A9E5-7A68FFC15785}
		{A538AB8F-1EE1-342B-BB28-7482DC49E03A} = {A538AB8F-1EE1-342B-BB28-7482DC49E03A}
		{BD1D17AC-B5DF-3C3C-9DEF-277D788DEC23} = {BD1D17AC-B5DF-3C3C-9DEF-277D788DEC23}
		{967A87A4-BEBC-32CD-9FD9-4DA4E59E353C} = {967A87A4-BEBC-32CD-9FD9-4DA4E59E353C}
		{5B87C029-1408-317D-9F92-FE7CF3FFEC30} = {5B87C029-1408-317D-9F92-FE7CF3FFEC30}
		{E387D504-4DDD-35A8-9530-044641D273D8} = {E387D504-4DDD-35A8-9530-044641D273D8}
		{F73E1C82-AF27-3FD4-86F9-A5311DCE78E2} = {F73E1C82-AF27-3FD4-86F9-A5311DCE78E2}
		{07858F15-43DF-3940-ABF0-67161DA0ABC0} = {07858F15-43DF-3940-ABF0-67161DA0ABC0}
		{0CAE316B-FD6D-3777-A567-48B06317E86C} = {0CAE316B-FD6D-3777-A567-48B06317E86C}
	EndProjectSection
EndProject
Project("{8BC9CEB8-8B4A-11D0-8D11-00A0C91BC942}") = "Continuous", "Continuous.vcxproj", "{527652C1-3731-344C-8C6A-7439E574390B}"
	ProjectSection(ProjectDependencies) = postProject
		{93ADCC3A-5982-3242-AED8-B1ED7E18738F} = {93ADCC3A-5982-3242-AED8-B1ED7E18738F}
	EndProjectSection
EndProject
Project("{8BC9CEB8-8B4A-11D0-8D11-00A0C91BC942}") = "Experimental", "Experimental.vcxproj", "{E4340417-8075-34E6-A1C2-815E705189C6}"
	ProjectSection(ProjectDependencies) = postProject
		{93ADCC3A-5982-3242-AED8-B1ED7E18738F} = {93ADCC3A-5982-3242-AED8-B1ED7E18738F}
	EndProjectSection
EndProject
Project("{8BC9CEB8-8B4A-11D0-8D11-00A0C91BC942}") = "INSTALL", "INSTALL.vcxproj", "{F65D9002-34DA-3BF1-AEE2-F21DEECDCC03}"
	ProjectSection(ProjectDependencies) = postProject
		{41071D5E-41E9-3509-B989-3C99CFBBBFC9} = {41071D5E-41E9-3509-B989-3C99CFBBBFC9}
		{93ADCC3A-5982-3242-AED8-B1ED7E18738F} = {93ADCC3A-5982-3242-AED8-B1ED7E18738F}
	EndProjectSection
EndProject
Project("{8BC9CEB8-8B4A-11D0-8D11-00A0C91BC942}") = "Nightly", "Nightly.vcxproj", "{6C4C86DC-F0B4-34D9-8FD5-09FB6764E5C3}"
	ProjectSection(ProjectDependencies) = postProject
		{93ADCC3A-5982-3242-AED8-B1ED7E18738F} = {93ADCC3A-5982-3242-AED8-B1ED7E18738F}
	EndProjectSection
EndProject
Project("{8BC9CEB8-8B4A-11D0-8D11-00A0C91BC942}") = "NightlyMemoryCheck", "NightlyMemoryCheck.vcxproj", "{EE6996E4-7845-3BEA-B212-1930EFBEFD18}"
	ProjectSection(ProjectDependencies) = postProject
		{93ADCC3A-5982-3242-AED8-B1ED7E18738F} = {93ADCC3A-5982-3242-AED8-B1ED7E18738F}
	EndProjectSection
EndProject
Project("{8BC9CEB8-8B4A-11D0-8D11-00A0C91BC942}") = "PACKAGE", "PACKAGE.vcxproj", "{A1313BA7-6167-3789-90F0-B06EDDC5D1CD}"
	ProjectSection(ProjectDependencies) = postProject
		{41071D5E-41E9-3509-B989-3C99CFBBBFC9} = {41071D5E-41E9-3509-B989-3C99CFBBBFC9}
		{93ADCC3A-5982-3242-AED8-B1ED7E18738F} = {93ADCC3A-5982-3242-AED8-B1ED7E18738F}
	EndProjectSection
EndProject
Project("{8BC9CEB8-8B4A-11D0-8D11-00A0C91BC942}") = "RUN_TESTS", "RUN_TESTS.vcxproj", "{588D5727-0EBA-319E-BADB-DCA7F7F82589}"
	ProjectSection(ProjectDependencies) = postProject
		{93ADCC3A-5982-3242-AED8-B1ED7E18738F} = {93ADCC3A-5982-3242-AED8-B1ED7E18738F}
	EndProjectSection
EndProject
Project("{8BC9CEB8-8B4A-11D0-8D11-00A0C91BC942}") = "ZERO_CHECK", "ZERO_CHECK.vcxproj", "{93ADCC3A-5982-3242-AED8-B1ED7E18738F}"
	ProjectSection(ProjectDependencies) = postProject
	EndProjectSection
EndProject
Project("{6989167D-11E4-40FE-8C1A-2192A86A7E90}") = "blas", "BLAS\SRC\blas.vfproj", "{0AA3CFFA-2479-3748-8DF4-369E5458FE11}"
	ProjectSection(ProjectDependencies) = postProject
		{93ADCC3A-5982-3242-AED8-B1ED7E18738F} = {93ADCC3A-5982-3242-AED8-B1ED7E18738F}
	EndProjectSection
EndProject
Project("{6989167D-11E4-40FE-8C1A-2192A86A7E90}") = "lapack", "SRC\lapack.vfproj", "{D27B8E01-DCD8-3F3D-B57D-F4D3A140A451}"
	ProjectSection(ProjectDependencies) = postProject
		{93ADCC3A-5982-3242-AED8-B1ED7E18738F} = {93ADCC3A-5982-3242-AED8-B1ED7E18738F}
		{0AA3CFFA-2479-3748-8DF4-369E5458FE11} = {0AA3CFFA-2479-3748-8DF4-369E5458FE11}
	EndProjectSection
EndProject
Project("{6989167D-11E4-40FE-8C1A-2192A86A7E90}") = "tmglib", "TESTING\MATGEN\tmglib.vfproj", "{7C453490-9468-3F8A-92A3-979851088C9C}"
	ProjectSection(ProjectDependencies) = postProject
		{93ADCC3A-5982-3242-AED8-B1ED7E18738F} = {93ADCC3A-5982-3242-AED8-B1ED7E18738F}
		{0AA3CFFA-2479-3748-8DF4-369E5458FE11} = {0AA3CFFA-2479-3748-8DF4-369E5458FE11}
		{D27B8E01-DCD8-3F3D-B57D-F4D3A140A451} = {D27B8E01-DCD8-3F3D-B57D-F4D3A140A451}
	EndProjectSection
EndProject
Project("{6989167D-11E4-40FE-8C1A-2192A86A7E90}") = "xblat1d", "BLAS\TESTING\xblat1d.vfproj", "{DAE008FB-877A-37F7-B16D-BE523E040398}"
	ProjectSection(ProjectDependencies) = postProject
		{93ADCC3A-5982-3242-AED8-B1ED7E18738F} = {93ADCC3A-5982-3242-AED8-B1ED7E18738F}
		{0AA3CFFA-2479-3748-8DF4-369E5458FE11} = {0AA3CFFA-2479-3748-8DF4-369E5458FE11}
	EndProjectSection
EndProject
Project("{6989167D-11E4-40FE-8C1A-2192A86A7E90}") = "xblat1s", "BLAS\TESTING\xblat1s.vfproj", "{1F534B4D-3E9A-36E0-B874-22F209BFA06D}"
	ProjectSection(ProjectDependencies) = postProject
		{93ADCC3A-5982-3242-AED8-B1ED7E18738F} = {93ADCC3A-5982-3242-AED8-B1ED7E18738F}
		{0AA3CFFA-2479-3748-8DF4-369E5458FE11} = {0AA3CFFA-2479-3748-8DF4-369E5458FE11}
	EndProjectSection
EndProject
Project("{6989167D-11E4-40FE-8C1A-2192A86A7E90}") = "xblat2d", "BLAS\TESTING\xblat2d.vfproj", "{FC63BAA2-989D-3B33-9A6A-9E3272B42BBC}"
	ProjectSection(ProjectDependencies) = postProject
		{93ADCC3A-5982-3242-AED8-B1ED7E18738F} = {93ADCC3A-5982-3242-AED8-B1ED7E18738F}
		{0AA3CFFA-2479-3748-8DF4-369E5458FE11} = {0AA3CFFA-2479-3748-8DF4-369E5458FE11}
	EndProjectSection
EndProject
Project("{6989167D-11E4-40FE-8C1A-2192A86A7E90}") = "xblat2s", "BLAS\TESTING\xblat2s.vfproj", "{42308DDB-2ACA-33AF-8A31-0585D9E6AD4D}"
	ProjectSection(ProjectDependencies) = postProject
		{93ADCC3A-5982-3242-AED8-B1ED7E18738F} = {93ADCC3A-5982-3242-AED8-B1ED7E18738F}
		{0AA3CFFA-2479-3748-8DF4-369E5458FE11} = {0AA3CFFA-2479-3748-8DF4-369E5458FE11}
	EndProjectSection
EndProject
Project("{6989167D-11E4-40FE-8C1A-2192A86A7E90}") = "xblat3d", "BLAS\TESTING\xblat3d.vfproj", "{FF3C262E-798C-376F-A9E5-7A68FFC15785}"
	ProjectSection(ProjectDependencies) = postProject
		{93ADCC3A-5982-3242-AED8-B1ED7E18738F} = {93ADCC3A-5982-3242-AED8-B1ED7E18738F}
		{0AA3CFFA-2479-3748-8DF4-369E5458FE11} = {0AA3CFFA-2479-3748-8DF4-369E5458FE11}
	EndProjectSection
EndProject
Project("{6989167D-11E4-40FE-8C1A-2192A86A7E90}") = "xblat3s", "BLAS\TESTING\xblat3s.vfproj", "{A538AB8F-1EE1-342B-BB28-7482DC49E03A}"
	ProjectSection(ProjectDependencies) = postProject
		{93ADCC3A-5982-3242-AED8-B1ED7E18738F} = {93ADCC3A-5982-3242-AED8-B1ED7E18738F}
		{0AA3CFFA-2479-3748-8DF4-369E5458FE11} = {0AA3CFFA-2479-3748-8DF4-369E5458FE11}
	EndProjectSection
EndProject
Project("{6989167D-11E4-40FE-8C1A-2192A86A7E90}") = "xeigtstd", "TESTING\EIG\xeigtstd.vfproj", "{BD1D17AC-B5DF-3C3C-9DEF-277D788DEC23}"
	ProjectSection(ProjectDependencies) = postProject
		{93ADCC3A-5982-3242-AED8-B1ED7E18738F} = {93ADCC3A-5982-3242-AED8-B1ED7E18738F}
		{0AA3CFFA-2479-3748-8DF4-369E5458FE11} = {0AA3CFFA-2479-3748-8DF4-369E5458FE11}
		{D27B8E01-DCD8-3F3D-B57D-F4D3A140A451} = {D27B8E01-DCD8-3F3D-B57D-F4D3A140A451}
		{7C453490-9468-3F8A-92A3-979851088C9C} = {7C453490-9468-3F8A-92A3-979851088C9C}
	EndProjectSection
EndProject
Project("{6989167D-11E4-40FE-8C1A-2192A86A7E90}") = "xeigtsts", "TESTING\EIG\xeigtsts.vfproj", "{967A87A4-BEBC-32CD-9FD9-4DA4E59E353C}"
	ProjectSection(ProjectDependencies) = postProject
		{93ADCC3A-5982-3242-AED8-B1ED7E18738F} = {93ADCC3A-5982-3242-AED8-B1ED7E18738F}
		{0AA3CFFA-2479-3748-8DF4-369E5458FE11} = {0AA3CFFA-2479-3748-8DF4-369E5458FE11}
		{D27B8E01-DCD8-3F3D-B57D-F4D3A140A451} = {D27B8E01-DCD8-3F3D-B57D-F4D3A140A451}
		{7C453490-9468-3F8A-92A3-979851088C9C} = {7C453490-9468-3F8A-92A3-979851088C9C}
	EndProjectSection
EndProject
Project("{6989167D-11E4-40FE-8C1A-2192A86A7E90}") = "xlintstd", "TESTING\LIN\xlintstd.vfproj", "{5B87C029-1408-317D-9F92-FE7CF3FFEC30}"
	ProjectSection(ProjectDependencies) = postProject
		{93ADCC3A-5982-3242-AED8-B1ED7E18738F} = {93ADCC3A-5982-3242-AED8-B1ED7E18738F}
		{0AA3CFFA-2479-3748-8DF4-369E5458FE11} = {0AA3CFFA-2479-3748-8DF4-369E5458FE11}
		{D27B8E01-DCD8-3F3D-B57D-F4D3A140A451} = {D27B8E01-DCD8-3F3D-B57D-F4D3A140A451}
		{7C453490-9468-3F8A-92A3-979851088C9C} = {7C453490-9468-3F8A-92A3-979851088C9C}
	EndProjectSection
EndProject
Project("{6989167D-11E4-40FE-8C1A-2192A86A7E90}") = "xlintstds", "TESTING\LIN\xlintstds.vfproj", "{E387D504-4DDD-35A8-9530-044641D273D8}"
	ProjectSection(ProjectDependencies) = postProject
		{93ADCC3A-5982-3242-AED8-B1ED7E18738F} = {93ADCC3A-5982-3242-AED8-B1ED7E18738F}
		{0AA3CFFA-2479-3748-8DF4-369E5458FE11} = {0AA3CFFA-2479-3748-8DF4-369E5458FE11}
		{D27B8E01-DCD8-3F3D-B57D-F4D3A140A451} = {D27B8E01-DCD8-3F3D-B57D-F4D3A140A451}
		{7C453490-9468-3F8A-92A3-979851088C9C} = {7C453490-9468-3F8A-92A3-979851088C9C}
	EndProjectSection
EndProject
Project("{6989167D-11E4-40FE-8C1A-2192A86A7E90}") = "xlintstrfd", "TESTING\LIN\xlintstrfd.vfproj", "{F73E1C82-AF27-3FD4-86F9-A5311DCE78E2}"
	ProjectSection(ProjectDependencies) = postProject
		{93ADCC3A-5982-3242-AED8-B1ED7E18738F} = {93ADCC3A-5982-3242-AED8-B1ED7E18738F}
		{0AA3CFFA-2479-3748-8DF4-369E5458FE11} = {0AA3CFFA-2479-3748-8DF4-369E5458FE11}
		{D27B8E01-DCD8-3F3D-B57D-F4D3A140A451} = {D27B8E01-DCD8-3F3D-B57D-F4D3A140A451}
		{7C453490-9468-3F8A-92A3-979851088C9C} = {7C453490-9468-3F8A-92A3-979851088C9C}
	EndProjectSection
EndProject
Project("{6989167D-11E4-40FE-8C1A-2192A86A7E90}") = "xlintstrfs", "TESTING\LIN\xlintstrfs.vfproj", "{07858F15-43DF-3940-ABF0-67161DA0ABC0}"
	ProjectSection(ProjectDependencies) = postProject
		{93ADCC3A-5982-3242-AED8-B1ED7E18738F} = {93ADCC3A-5982-3242-AED8-B1ED7E18738F}
		{0AA3CFFA-2479-3748-8DF4-369E5458FE11} = {0AA3CFFA-2479-3748-8DF4-369E5458FE11}
		{D27B8E01-DCD8-3F3D-B57D-F4D3A140A451} = {D27B8E01-DCD8-3F3D-B57D-F4D3A140A451}
		{7C453490-9468-3F8A-92A3-979851088C9C} = {7C453490-9468-3F8A-92A3-979851088C9C}
	EndProjectSection
EndProject
Project("{6989167D-11E4-40FE-8C1A-2192A86A7E90}") = "xlintsts", "TESTING\LIN\xlintsts.vfproj", "{0CAE316B-FD6D-3777-A567-48B06317E86C}"
	ProjectSection(ProjectDependencies) = postProject
		{93ADCC3A-5982-3242-AED8-B1ED7E18738F} = {93ADCC3A-5982-3242-AED8-B1ED7E18738F}
		{0AA3CFFA-2479-3748-8DF4-369E5458FE11} = {0AA3CFFA-2479-3748-8DF4-369E5458FE11}
		{D27B8E01-DCD8-3F3D-B57D-F4D3A140A451} = {D27B8E01-DCD8-3F3D-B57D-F4D3A140A451}
		{7C453490-9468-3F8A-92A3-979851088C9C} = {7C453490-9468-3F8A-92A3-979851088C9C}
	EndProjectSection
EndProject
Global
	GlobalSection(SolutionConfigurationPlatforms) = preSolution
		Debug|Win32 = Debug|Win32
		Release|Win32 = Release|Win32
		MinSizeRel|Win32 = MinSizeRel|Win32
		RelWithDebInfo|Win32 = RelWithDebInfo|Win32
	EndGlobalSection
	GlobalSection(ProjectConfigurationPlatforms) = postSolution
		{41071D5E-41E9-3509-B989-3C99CFBBBFC9}.Debug|Win32.ActiveCfg = Debug|Win32
		{41071D5E-41E9-3509-B989-3C99CFBBBFC9}.Debug|Win32.Build.0 = Debug|Win32
		{41071D5E-41E9-3509-B989-3C99CFBBBFC9}.Release|Win32.ActiveCfg = Release|Win32
		{41071D5E-41E9-3509-B989-3C99CFBBBFC9}.Release|Win32.Build.0 = Release|Win32
		{41071D5E-41E9-3509-B989-3C99CFBBBFC9}.MinSizeRel|Win32.ActiveCfg = MinSizeRel|Win32
		{41071D5E-41E9-3509-B989-3C99CFBBBFC9}.MinSizeRel|Win32.Build.0 = MinSizeRel|Win32
		{41071D5E-41E9-3509-B989-3C99CFBBBFC9}.RelWithDebInfo|Win32.ActiveCfg = RelWithDebInfo|Win32
		{41071D5E-41E9-3509-B989-3C99CFBBBFC9}.RelWithDebInfo|Win32.Build.0 = RelWithDebInfo|Win32
		{527652C1-3731-344C-8C6A-7439E574390B}.Debug|Win32.ActiveCfg = Debug|Win32
		{527652C1-3731-344C-8C6A-7439E574390B}.Release|Win32.ActiveCfg = Release|Win32
		{527652C1-3731-344C-8C6A-7439E574390B}.MinSizeRel|Win32.ActiveCfg = MinSizeRel|Win32
		{527652C1-3731-344C-8C6A-7439E574390B}.RelWithDebInfo|Win32.ActiveCfg = RelWithDebInfo|Win32
		{E4340417-8075-34E6-A1C2-815E705189C6}.Debug|Win32.ActiveCfg = Debug|Win32
		{E4340417-8075-34E6-A1C2-815E705189C6}.Release|Win32.ActiveCfg = Release|Win32
		{E4340417-8075-34E6-A1C2-815E705189C6}.MinSizeRel|Win32.ActiveCfg = MinSizeRel|Win32
		{E4340417-8075-34E6-A1C2-815E705189C6}.RelWithDebInfo|Win32.ActiveCfg = RelWithDebInfo|Win32
		{F65D9002-34DA-3BF1-AEE2-F21DEECDCC03}.Debug|Win32.ActiveCfg = Debug|Win32
		{F65D9002-34DA-3BF1-AEE2-F21DEECDCC03}.Release|Win32.ActiveCfg = Release|Win32
		{F65D9002-34DA-3BF1-AEE2-F21DEECDCC03}.MinSizeRel|Win32.ActiveCfg = MinSizeRel|Win32
		{F65D9002-34DA-3BF1-AEE2-F21DEECDCC03}.RelWithDebInfo|Win32.ActiveCfg = RelWithDebInfo|Win32
		{6C4C86DC-F0B4-34D9-8FD5-09FB6764E5C3}.Debug|Win32.ActiveCfg = Debug|Win32
		{6C4C86DC-F0B4-34D9-8FD5-09FB6764E5C3}.Release|Win32.ActiveCfg = Release|Win32
		{6C4C86DC-F0B4-34D9-8FD5-09FB6764E5C3}.MinSizeRel|Win32.ActiveCfg = MinSizeRel|Win32
		{6C4C86DC-F0B4-34D9-8FD5-09FB6764E5C3}.RelWithDebInfo|Win32.ActiveCfg = RelWithDebInfo|Win32
		{EE6996E4-7845-3BEA-B212-1930EFBEFD18}.Debug|Win32.ActiveCfg = Debug|Win32
		{EE6996E4-7845-3BEA-B212-1930EFBEFD18}.Release|Win32.ActiveCfg = Release|Win32
		{EE6996E4-7845-3BEA-B212-1930EFBEFD18}.MinSizeRel|Win32.ActiveCfg = MinSizeRel|Win32
		{EE6996E4-7845-3BEA-B212-1930EFBEFD18}.RelWithDebInfo|Win32.ActiveCfg = RelWithDebInfo|Win32
		{A1313BA7-6167-3789-90F0-B06EDDC5D1CD}.Debug|Win32.ActiveCfg = Debug|Win32
		{A1313BA7-6167-3789-90F0-B06EDDC5D1CD}.Release|Win32.ActiveCfg = Release|Win32
		{A1313BA7-6167-3789-90F0-B06EDDC5D1CD}.MinSizeRel|Win32.ActiveCfg = MinSizeRel|Win32
		{A1313BA7-6167-3789-90F0-B06EDDC5D1CD}.RelWithDebInfo|Win32.ActiveCfg = RelWithDebInfo|Win32
		{588D5727-0EBA-319E-BADB-DCA7F7F82589}.Debug|Win32.ActiveCfg = Debug|Win32
		{588D5727-0EBA-319E-BADB-DCA7F7F82589}.Release|Win32.ActiveCfg = Release|Win32
		{588D5727-0EBA-319E-BADB-DCA7F7F82589}.MinSizeRel|Win32.ActiveCfg = MinSizeRel|Win32
		{588D5727-0EBA-319E-BADB-DCA7F7F82589}.RelWithDebInfo|Win32.ActiveCfg = RelWithDebInfo|Win32
		{93ADCC3A-5982-3242-AED8-B1ED7E18738F}.Debug|Win32.ActiveCfg = Debug|Win32
		{93ADCC3A-5982-3242-AED8-B1ED7E18738F}.Debug|Win32.Build.0 = Debug|Win32
		{93ADCC3A-5982-3242-AED8-B1ED7E18738F}.Release|Win32.ActiveCfg = Release|Win32
		{93ADCC3A-5982-3242-AED8-B1ED7E18738F}.Release|Win32.Build.0 = Release|Win32
		{93ADCC3A-5982-3242-AED8-B1ED7E18738F}.MinSizeRel|Win32.ActiveCfg = MinSizeRel|Win32
		{93ADCC3A-5982-3242-AED8-B1ED7E18738F}.MinSizeRel|Win32.Build.0 = MinSizeRel|Win32
		{93ADCC3A-5982-3242-AED8-B1ED7E18738F}.RelWithDebInfo|Win32.ActiveCfg = RelWithDebInfo|Win32
		{93ADCC3A-5982-3242-AED8-B1ED7E18738F}.RelWithDebInfo|Win32.Build.0 = RelWithDebInfo|Win32
		{0AA3CFFA-2479-3748-8DF4-369E5458FE11}.Debug|Win32.ActiveCfg = Debug|Win32
		{0AA3CFFA-2479-3748-8DF4-369E5458FE11}.Debug|Win32.Build.0 = Debug|Win32
		{0AA3CFFA-2479-3748-8DF4-369E5458FE11}.Release|Win32.ActiveCfg = Release|Win32
		{0AA3CFFA-2479-3748-8DF4-369E5458FE11}.Release|Win32.Build.0 = Release|Win32
		{0AA3CFFA-2479-3748-8DF4-369E5458FE11}.MinSizeRel|Win32.ActiveCfg = MinSizeRel|Win32
		{0AA3CFFA-2479-3748-8DF4-369E5458FE11}.MinSizeRel|Win32.Build.0 = MinSizeRel|Win32
		{0AA3CFFA-2479-3748-8DF4-369E5458FE11}.RelWithDebInfo|Win32.ActiveCfg = RelWithDebInfo|Win32
		{0AA3CFFA-2479-3748-8DF4-369E5458FE11}.RelWithDebInfo|Win32.Build.0 = RelWithDebInfo|Win32
		{D27B8E01-DCD8-3F3D-B57D-F4D3A140A451}.Debug|Win32.ActiveCfg = Debug|Win32
		{D27B8E01-DCD8-3F3D-B57D-F4D3A140A451}.Debug|Win32.Build.0 = Debug|Win32
		{D27B8E01-DCD8-3F3D-B57D-F4D3A140A451}.Release|Win32.ActiveCfg = Release|Win32
		{D27B8E01-DCD8-3F3D-B57D-F4D3A140A451}.Release|Win32.Build.0 = Release|Win32
		{D27B8E01-DCD8-3F3D-B57D-F4D3A140A451}.MinSizeRel|Win32.ActiveCfg = MinSizeRel|Win32
		{D27B8E01-DCD8-3F3D-B57D-F4D3A140A451}.MinSizeRel|Win32.Build.0 = MinSizeRel|Win32
		{D27B8E01-DCD8-3F3D-B57D-F4D3A140A451}.RelWithDebInfo|Win32.ActiveCfg = RelWithDebInfo|Win32
		{D27B8E01-DCD8-3F3D-B57D-F4D3A140A451}.RelWithDebInfo|Win32.Build.0 = RelWithDebInfo|Win32
		{7C453490-9468-3F8A-92A3-979851088C9C}.Debug|Win32.ActiveCfg = Debug|Win32
		{7C453490-9468-3F8A-92A3-979851088C9C}.Debug|Win32.Build.0 = Debug|Win32
		{7C453490-9468-3F8A-92A3-979851088C9C}.Release|Win32.ActiveCfg = Release|Win32
		{7C453490-9468-3F8A-92A3-979851088C9C}.Release|Win32.Build.0 = Release|Win32
		{7C453490-9468-3F8A-92A3-979851088C9C}.MinSizeRel|Win32.ActiveCfg = MinSizeRel|Win32
		{7C453490-9468-3F8A-92A3-979851088C9C}.MinSizeRel|Win32.Build.0 = MinSizeRel|Win32
		{7C453490-9468-3F8A-92A3-979851088C9C}.RelWithDebInfo|Win32.ActiveCfg = RelWithDebInfo|Win32
		{7C453490-9468-3F8A-92A3-979851088C9C}.RelWithDebInfo|Win32.Build.0 = RelWithDebInfo|Win32
		{DAE008FB-877A-37F7-B16D-BE523E040398}.Debug|Win32.ActiveCfg = Debug|Win32
		{DAE008FB-877A-37F7-B16D-BE523E040398}.Debug|Win32.Build.0 = Debug|Win32
		{DAE008FB-877A-37F7-B16D-BE523E040398}.Release|Win32.ActiveCfg = Release|Win32
		{DAE008FB-877A-37F7-B16D-BE523E040398}.Release|Win32.Build.0 = Release|Win32
		{DAE008FB-877A-37F7-B16D-BE523E040398}.MinSizeRel|Win32.ActiveCfg = MinSizeRel|Win32
		{DAE008FB-877A-37F7-B16D-BE523E040398}.MinSizeRel|Win32.Build.0 = MinSizeRel|Win32
		{DAE008FB-877A-37F7-B16D-BE523E040398}.RelWithDebInfo|Win32.ActiveCfg = RelWithDebInfo|Win32
		{DAE008FB-877A-37F7-B16D-BE523E040398}.RelWithDebInfo|Win32.Build.0 = RelWithDebInfo|Win32
		{1F534B4D-3E9A-36E0-B874-22F209BFA06D}.Debug|Win32.ActiveCfg = Debug|Win32
		{1F534B4D-3E9A-36E0-B874-22F209BFA06D}.Debug|Win32.Build.0 = Debug|Win32
		{1F534B4D-3E9A-36E0-B874-22F209BFA06D}.Release|Win32.ActiveCfg = Release|Win32
		{1F534B4D-3E9A-36E0-B874-22F209BFA06D}.Release|Win32.Build.0 = Release|Win32
		{1F534B4D-3E9A-36E0-B874-22F209BFA06D}.MinSizeRel|Win32.ActiveCfg = MinSizeRel|Win32
		{1F534B4D-3E9A-36E0-B874-22F209BFA06D}.MinSizeRel|Win32.Build.0 = MinSizeRel|Win32
		{1F534B4D-3E9A-36E0-B874-22F209BFA06D}.RelWithDebInfo|Win32.ActiveCfg = RelWithDebInfo|Win32
		{1F534B4D-3E9A-36E0-B874-22F209BFA06D}.RelWithDebInfo|Win32.Build.0 = RelWithDebInfo|Win32
		{FC63BAA2-989D-3B33-9A6A-9E3272B42BBC}.Debug|Win32.ActiveCfg = Debug|Win32
		{FC63BAA2-989D-3B33-9A6A-9E3272B42BBC}.Debug|Win32.Build.0 = Debug|Win32
		{FC63BAA2-989D-3B33-9A6A-9E3272B42BBC}.Release|Win32.ActiveCfg = Release|Win32
		{FC63BAA2-989D-3B33-9A6A-9E3272B42BBC}.Release|Win32.Build.0 = Release|Win32
		{FC63BAA2-989D-3B33-9A6A-9E3272B42BBC}.MinSizeRel|Win32.ActiveCfg = MinSizeRel|Win32
		{FC63BAA2-989D-3B33-9A6A-9E3272B42BBC}.MinSizeRel|Win32.Build.0 = MinSizeRel|Win32
		{FC63BAA2-989D-3B33-9A6A-9E3272B42BBC}.RelWithDebInfo|Win32.ActiveCfg = RelWithDebInfo|Win32
		{FC63BAA2-989D-3B33-9A6A-9E3272B42BBC}.RelWithDebInfo|Win32.Build.0 = RelWithDebInfo|Win32
		{42308DDB-2ACA-33AF-8A31-0585D9E6AD4D}.Debug|Win32.ActiveCfg = Debug|Win32
		{42308DDB-2ACA-33AF-8A31-0585D9E6AD4D}.Debug|Win32.Build.0 = Debug|Win32
		{42308DDB-2ACA-33AF-8A31-0585D9E6AD4D}.Release|Win32.ActiveCfg = Release|Win32
		{42308DDB-2ACA-33AF-8A31-0585D9E6AD4D}.Release|Win32.Build.0 = Release|Win32
		{42308DDB-2ACA-33AF-8A31-0585D9E6AD4D}.MinSizeRel|Win32.ActiveCfg = MinSizeRel|Win32
		{42308DDB-2ACA-33AF-8A31-0585D9E6AD4D}.MinSizeRel|Win32.Build.0 = MinSizeRel|Win32
		{42308DDB-2ACA-33AF-8A31-0585D9E6AD4D}.RelWithDebInfo|Win32.ActiveCfg = RelWithDebInfo|Win32
		{42308DDB-2ACA-33AF-8A31-0585D9E6AD4D}.RelWithDebInfo|Win32.Build.0 = RelWithDebInfo|Win32
		{FF3C262E-798C-376F-A9E5-7A68FFC15785}.Debug|Win32.ActiveCfg = Debug|Win32
		{FF3C262E-798C-376F-A9E5-7A68FFC15785}.Debug|Win32.Build.0 = Debug|Win32
		{FF3C262E-798C-376F-A9E5-7A68FFC15785}.Release|Win32.ActiveCfg = Release|Win32
		{FF3C262E-798C-376F-A9E5-7A68FFC15785}.Release|Win32.Build.0 = Release|Win32
		{FF3C262E-798C-376F-A9E5-7A68FFC15785}.MinSizeRel|Win32.ActiveCfg = MinSizeRel|Win32
		{FF3C262E-798C-376F-A9E5-7A68FFC15785}.MinSizeRel|Win32.Build.0 = MinSizeRel|Win32
		{FF3C262E-798C-376F-A9E5-7A68FFC15785}.RelWithDebInfo|Win32.ActiveCfg = RelWithDebInfo|Win32
		{FF3C262E-798C-376F-A9E5-7A68FFC15785}.RelWithDebInfo|Win32.Build.0 = RelWithDebInfo|Win32
		{A538AB8F-1EE1-342B-BB28-7482DC49E03A}.Debug|Win32.ActiveCfg = Debug|Win32
		{A538AB8F-1EE1-342B-BB28-7482DC49E03A}.Debug|Win32.Build.0 = Debug|Win32
		{A538AB8F-1EE1-342B-BB28-7482DC49E03A}.Release|Win32.ActiveCfg = Release|Win32
		{A538AB8F-1EE1-342B-BB28-7482DC49E03A}.Release|Win32.Build.0 = Release|Win32
		{A538AB8F-1EE1-342B-BB28-7482DC49E03A}.MinSizeRel|Win32.ActiveCfg = MinSizeRel|Win32
		{A538AB8F-1EE1-342B-BB28-7482DC49E03A}.MinSizeRel|Win32.Build.0 = MinSizeRel|Win32
		{A538AB8F-1EE1-342B-BB28-7482DC49E03A}.RelWithDebInfo|Win32.ActiveCfg = RelWithDebInfo|Win32
		{A538AB8F-1EE1-342B-BB28-7482DC49E03A}.RelWithDebInfo|Win32.Build.0 = RelWithDebInfo|Win32
		{BD1D17AC-B5DF-3C3C-9DEF-277D788DEC23}.Debug|Win32.ActiveCfg = Debug|Win32
		{BD1D17AC-B5DF-3C3C-9DEF-277D788DEC23}.Debug|Win32.Build.0 = Debug|Win32
		{BD1D17AC-B5DF-3C3C-9DEF-277D788DEC23}.Release|Win32.ActiveCfg = Release|Win32
		{BD1D17AC-B5DF-3C3C-9DEF-277D788DEC23}.Release|Win32.Build.0 = Release|Win32
		{BD1D17AC-B5DF-3C3C-9DEF-277D788DEC23}.MinSizeRel|Win32.ActiveCfg = MinSizeRel|Win32
		{BD1D17AC-B5DF-3C3C-9DEF-277D788DEC23}.MinSizeRel|Win32.Build.0 = MinSizeRel|Win32
		{BD1D17AC-B5DF-3C3C-9DEF-277D788DEC23}.RelWithDebInfo|Win32.ActiveCfg = RelWithDebInfo|Win32
		{BD1D17AC-B5DF-3C3C-9DEF-277D788DEC23}.RelWithDebInfo|Win32.Build.0 = RelWithDebInfo|Win32
		{967A87A4-BEBC-32CD-9FD9-4DA4E59E353C}.Debug|Win32.ActiveCfg = Debug|Win32
		{967A87A4-BEBC-32CD-9FD9-4DA4E59E353C}.Debug|Win32.Build.0 = Debug|Win32
		{967A87A4-BEBC-32CD-9FD9-4DA4E59E353C}.Release|Win32.ActiveCfg = Release|Win32
		{967A87A4-BEBC-32CD-9FD9-4DA4E59E353C}.Release|Win32.Build.0 = Release|Win32
		{967A87A4-BEBC-32CD-9FD9-4DA4E59E353C}.MinSizeRel|Win32.ActiveCfg = MinSizeRel|Win32
		{967A87A4-BEBC-32CD-9FD9-4DA4E59E353C}.MinSizeRel|Win32.Build.0 = MinSizeRel|Win32
		{967A87A4-BEBC-32CD-9FD9-4DA4E59E353C}.RelWithDebInfo|Win32.ActiveCfg = RelWithDebInfo|Win32
		{967A87A4-BEBC-32CD-9FD9-4DA4E59E353C}.RelWithDebInfo|Win32.Build.0 = RelWithDebInfo|Win32
		{5B87C029-1408-317D-9F92-FE7CF3FFEC30}.Debug|Win32.ActiveCfg = Debug|Win32
		{5B87C029-1408-317D-9F92-FE7CF3FFEC30}.Debug|Win32.Build.0 = Debug|Win32
		{5B87C029-1408-317D-9F92-FE7CF3FFEC30}.Release|Win32.ActiveCfg = Release|Win32
		{5B87C029-1408-317D-9F92-FE7CF3FFEC30}.Release|Win32.Build.0 = Release|Win32
		{5B87C029-1408-317D-9F92-FE7CF3FFEC30}.MinSizeRel|Win32.ActiveCfg = MinSizeRel|Win32
		{5B87C029-1408-317D-9F92-FE7CF3FFEC30}.MinSizeRel|Win32.Build.0 = MinSizeRel|Win32
		{5B87C029-1408-317D-9F92-FE7CF3FFEC30}.RelWithDebInfo|Win32.ActiveCfg = RelWithDebInfo|Win32
		{5B87C029-1408-317D-9F92-FE7CF3FFEC30}.RelWithDebInfo|Win32.Build.0 = RelWithDebInfo|Win32
		{E387D504-4DDD-35A8-9530-044641D273D8}.Debug|Win32.ActiveCfg = Debug|Win32
		{E387D504-4DDD-35A8-9530-044641D273D8}.Debug|Win32.Build.0 = Debug|Win32
		{E387D504-4DDD-35A8-9530-044641D273D8}.Release|Win32.ActiveCfg = Release|Win32
		{E387D504-4DDD-35A8-9530-044641D273D8}.Release|Win32.Build.0 = Release|Win32
		{E387D504-4DDD-35A8-9530-044641D273D8}.MinSizeRel|Win32.ActiveCfg = MinSizeRel|Win32
		{E387D504-4DDD-35A8-9530-044641D273D8}.MinSizeRel|Win32.Build.0 = MinSizeRel|Win32
		{E387D504-4DDD-35A8-9530-044641D273D8}.RelWithDebInfo|Win32.ActiveCfg = RelWithDebInfo|Win32
		{E387D504-4DDD-35A8-9530-044641D273D8}.RelWithDebInfo|Win32.Build.0 = RelWithDebInfo|Win32
		{F73E1C82-AF27-3FD4-86F9-A5311DCE78E2}.Debug|Win32.ActiveCfg = Debug|Win32
		{F73E1C82-AF27-3FD4-86F9-A5311DCE78E2}.Debug|Win32.Build.0 = Debug|Win32
		{F73E1C82-AF27-3FD4-86F9-A5311DCE78E2}.Release|Win32.ActiveCfg = Release|Win32
		{F73E1C82-AF27-3FD4-86F9-A5311DCE78E2}.Release|Win32.Build.0 = Release|Win32
		{F73E1C82-AF27-3FD4-86F9-A5311DCE78E2}.MinSizeRel|Win32.ActiveCfg = MinSizeRel|Win32
		{F73E1C82-AF27-3FD4-86F9-A5311DCE78E2}.MinSizeRel|Win32.Build.0 = MinSizeRel|Win32
		{F73E1C82-AF27-3FD4-86F9-A5311DCE78E2}.RelWithDebInfo|Win32.ActiveCfg = RelWithDebInfo|Win32
		{F73E1C82-AF27-3FD4-86F9-A5311DCE78E2}.RelWithDebInfo|Win32.Build.0 = RelWithDebInfo|Win32
		{07858F15-43DF-3940-ABF0-67161DA0ABC0}.Debug|Win32.ActiveCfg = Debug|Win32
		{07858F15-43DF-3940-ABF0-67161DA0ABC0}.Debug|Win32.Build.0 = Debug|Win32
		{07858F15-43DF-3940-ABF0-67161DA0ABC0}.Release|Win32.ActiveCfg = Release|Win32
		{07858F15-43DF-3940-ABF0-67161DA0ABC0}.Release|Win32.Build.0 = Release|Win32
		{07858F15-43DF-3940-ABF0-67161DA0ABC0}.MinSizeRel|Win32.ActiveCfg = MinSizeRel|Win32
		{07858F15-43DF-3940-ABF0-67161DA0ABC0}.MinSizeRel|Win32.Build.0 = MinSizeRel|Win32
		{07858F15-43DF-3940-ABF0-67161DA0ABC0}.RelWithDebInfo|Win32.ActiveCfg = RelWithDebInfo|Win32
		{07858F15-43DF-3940-ABF0-67161DA0ABC0}.RelWithDebInfo|Win32.Build.0 = RelWithDebInfo|Win32
		{0CAE316B-FD6D-3777-A567-48B06317E86C}.Debug|Win32.ActiveCfg = Debug|Win32
		{0CAE316B-FD6D-3777-A567-48B06317E86C}.Debug|Win32.Build.0 = Debug|Win32
		{0CAE316B-FD6D-3777-A567-48B06317E86C}.Release|Win32.ActiveCfg = Release|Win32
		{0CAE316B-FD6D-3777-A567-48B06317E86C}.Release|Win32.Build.0 = Release|Win32
		{0CAE316B-FD6D-3777-A567-48B06317E86C}.MinSizeRel|Win32.ActiveCfg = MinSizeRel|Win32
		{0CAE316B-FD6D-3777-A567-48B06317E86C}.MinSizeRel|Win32.Build.0 = MinSizeRel|Win32
		{0CAE316B-FD6D-3777-A567-48B06317E86C}.RelWithDebInfo|Win32.ActiveCfg = RelWithDebInfo|Win32
		{0CAE316B-FD6D-3777-A567-48B06317E86C}.RelWithDebInfo|Win32.Build.0 = RelWithDebInfo|Win32
	EndGlobalSection
	GlobalSection(ExtensibilityGlobals) = postSolution
		SolutionGuid = {86FE2F3D-446C-33A0-979C-52767B218F7D}
	EndGlobalSection
	GlobalSection(ExtensibilityAddIns) = postSolution
	EndGlobalSection
EndGlobal
