Microsoft Visual Studio Solution File, Format Version 12.00
# Visual Studio 14
Project("{8BC9CEB8-8B4A-11D0-8D11-00A0C91BC942}") = "ALL_BUILD", "ALL_BUILD.vcxproj", "{363B8AB5-3BD3-3744-9156-7E8FBAFAF6D2}"
	ProjectSection(ProjectDependencies) = postProject
		{78FD13F7-CE8F-3835-A1EF-6F3853C86E27} = {78FD13F7-CE8F-3835-A1EF-6F3853C86E27}
		{30CCAABC-236D-3176-AB26-861F781A343C} = {30CCAABC-236D-3176-AB26-861F781A343C}
		{0A23240E-1789-3FB5-82A6-AC726514D516} = {0A23240E-1789-3FB5-82A6-AC726514D516}
		{3DB450A0-1817-3889-A9B9-621E20B15224} = {3DB450A0-1817-3889-A9B9-621E20B15224}
		{2F280F64-7FC6-34C0-B631-7841F911FF6D} = {2F280F64-7FC6-34C0-B631-7841F911FF6D}
		{C52EEDD6-600F-3B7E-99B7-071155346473} = {C52EEDD6-600F-3B7E-99B7-071155346473}
		{9A31BEA4-500A-3044-BFF0-ED6F09D1FD2F} = {9A31BEA4-500A-3044-BFF0-ED6F09D1FD2F}
		{0DA431B2-9414-3258-870C-6E3FF1DC3E50} = {0DA431B2-9414-3258-870C-6E3FF1DC3E50}
	EndProjectSection
EndProject
Project("{8BC9CEB8-8B4A-11D0-8D11-00A0C91BC942}") = "ZERO_CHECK", "ZERO_CHECK.vcxproj", "{78FD13F7-CE8F-3835-A1EF-6F3853C86E27}"
	ProjectSection(ProjectDependencies) = postProject
	EndProjectSection
EndProject
Project("{6989167D-11E4-40FE-8C1A-2192A86A7E90}") = "secondtst_EXT_ETIME", "secondtst_EXT_ETIME.vfproj", "{30CCAABC-236D-3176-AB26-861F781A343C}"
	ProjectSection(ProjectDependencies) = postProject
		{78FD13F7-CE8F-3835-A1EF-6F3853C86E27} = {78FD13F7-CE8F-3835-A1EF-6F3853C86E27}
	EndProjectSection
EndProject
Project("{6989167D-11E4-40FE-8C1A-2192A86A7E90}") = "secondtst_EXT_ETIME_", "secondtst_EXT_ETIME_.vfproj", "{0A23240E-1789-3FB5-82A6-AC726514D516}"
	ProjectSection(ProjectDependencies) = postProject
		{78FD13F7-CE8F-3835-A1EF-6F3853C86E27} = {78FD13F7-CE8F-3835-A1EF-6F3853C86E27}
	EndProjectSection
EndProject
Project("{6989167D-11E4-40FE-8C1A-2192A86A7E90}") = "secondtst_INT_CPU_TIME", "secondtst_INT_CPU_TIME.vfproj", "{3DB450A0-1817-3889-A9B9-621E20B15224}"
	ProjectSection(ProjectDependencies) = postProject
		{78FD13F7-CE8F-3835-A1EF-6F3853C86E27} = {78FD13F7-CE8F-3835-A1EF-6F3853C86E27}
	EndProjectSection
EndProject
Project("{6989167D-11E4-40FE-8C1A-2192A86A7E90}") = "secondtst_INT_ETIME", "secondtst_INT_ETIME.vfproj", "{2F280F64-7FC6-34C0-B631-7841F911FF6D}"
	ProjectSection(ProjectDependencies) = postProject
		{78FD13F7-CE8F-3835-A1EF-6F3853C86E27} = {78FD13F7-CE8F-3835-A1EF-6F3853C86E27}
	EndProjectSection
EndProject
Project("{6989167D-11E4-40FE-8C1A-2192A86A7E90}") = "secondtst_NONE", "secondtst_NONE.vfproj", "{C52EEDD6-600F-3B7E-99B7-071155346473}"
	ProjectSection(ProjectDependencies) = postProject
		{78FD13F7-CE8F-3835-A1EF-6F3853C86E27} = {78FD13F7-CE8F-3835-A1EF-6F3853C86E27}
	EndProjectSection
EndProject
Project("{6989167D-11E4-40FE-8C1A-2192A86A7E90}") = "testieee", "testieee.vfproj", "{9A31BEA4-500A-3044-BFF0-ED6F09D1FD2F}"
	ProjectSection(ProjectDependencies) = postProject
		{78FD13F7-CE8F-3835-A1EF-6F3853C86E27} = {78FD13F7-CE8F-3835-A1EF-6F3853C86E27}
	EndProjectSection
EndProject
Project("{6989167D-11E4-40FE-8C1A-2192A86A7E90}") = "testversion", "testversion.vfproj", "{0DA431B2-9414-3258-870C-6E3FF1DC3E50}"
	ProjectSection(ProjectDependencies) = postProject
		{78FD13F7-CE8F-3835-A1EF-6F3853C86E27} = {78FD13F7-CE8F-3835-A1EF-6F3853C86E27}
	EndProjectSection
EndProject
Global
	GlobalSection(SolutionConfigurationPlatforms) = preSolution
		Debug|Win32 = Debug|Win32
		Release|Win32 = Release|Win32
		MinSizeRel|Win32 = MinSizeRel|Win32
		RelWithDebInfo|Win32 = RelWithDebInfo|Win32
	EndGlobalSection
	GlobalSection(ProjectConfigurationPlatforms) = postSolution
		{363B8AB5-3BD3-3744-9156-7E8FBAFAF6D2}.Debug|Win32.ActiveCfg = Debug|Win32
		{363B8AB5-3BD3-3744-9156-7E8FBAFAF6D2}.Release|Win32.ActiveCfg = Release|Win32
		{363B8AB5-3BD3-3744-9156-7E8FBAFAF6D2}.MinSizeRel|Win32.ActiveCfg = MinSizeRel|Win32
		{363B8AB5-3BD3-3744-9156-7E8FBAFAF6D2}.RelWithDebInfo|Win32.ActiveCfg = RelWithDebInfo|Win32
		{78FD13F7-CE8F-3835-A1EF-6F3853C86E27}.Debug|Win32.ActiveCfg = Debug|Win32
		{78FD13F7-CE8F-3835-A1EF-6F3853C86E27}.Debug|Win32.Build.0 = Debug|Win32
		{78FD13F7-CE8F-3835-A1EF-6F3853C86E27}.Release|Win32.ActiveCfg = Release|Win32
		{78FD13F7-CE8F-3835-A1EF-6F3853C86E27}.Release|Win32.Build.0 = Release|Win32
		{78FD13F7-CE8F-3835-A1EF-6F3853C86E27}.MinSizeRel|Win32.ActiveCfg = MinSizeRel|Win32
		{78FD13F7-CE8F-3835-A1EF-6F3853C86E27}.MinSizeRel|Win32.Build.0 = MinSizeRel|Win32
		{78FD13F7-CE8F-3835-A1EF-6F3853C86E27}.RelWithDebInfo|Win32.ActiveCfg = RelWithDebInfo|Win32
		{78FD13F7-CE8F-3835-A1EF-6F3853C86E27}.RelWithDebInfo|Win32.Build.0 = RelWithDebInfo|Win32
		{30CCAABC-236D-3176-AB26-861F781A343C}.Debug|Win32.ActiveCfg = Debug|Win32
		{30CCAABC-236D-3176-AB26-861F781A343C}.Debug|Win32.Build.0 = Debug|Win32
		{30CCAABC-236D-3176-AB26-861F781A343C}.Release|Win32.ActiveCfg = Release|Win32
		{30CCAABC-236D-3176-AB26-861F781A343C}.Release|Win32.Build.0 = Release|Win32
		{30CCAABC-236D-3176-AB26-861F781A343C}.MinSizeRel|Win32.ActiveCfg = MinSizeRel|Win32
		{30CCAABC-236D-3176-AB26-861F781A343C}.MinSizeRel|Win32.Build.0 = MinSizeRel|Win32
		{30CCAABC-236D-3176-AB26-861F781A343C}.RelWithDebInfo|Win32.ActiveCfg = RelWithDebInfo|Win32
		{30CCAABC-236D-3176-AB26-861F781A343C}.RelWithDebInfo|Win32.Build.0 = RelWithDebInfo|Win32
		{0A23240E-1789-3FB5-82A6-AC726514D516}.Debug|Win32.ActiveCfg = Debug|Win32
		{0A23240E-1789-3FB5-82A6-AC726514D516}.Debug|Win32.Build.0 = Debug|Win32
		{0A23240E-1789-3FB5-82A6-AC726514D516}.Release|Win32.ActiveCfg = Release|Win32
		{0A23240E-1789-3FB5-82A6-AC726514D516}.Release|Win32.Build.0 = Release|Win32
		{0A23240E-1789-3FB5-82A6-AC726514D516}.MinSizeRel|Win32.ActiveCfg = MinSizeRel|Win32
		{0A23240E-1789-3FB5-82A6-AC726514D516}.MinSizeRel|Win32.Build.0 = MinSizeRel|Win32
		{0A23240E-1789-3FB5-82A6-AC726514D516}.RelWithDebInfo|Win32.ActiveCfg = RelWithDebInfo|Win32
		{0A23240E-1789-3FB5-82A6-AC726514D516}.RelWithDebInfo|Win32.Build.0 = RelWithDebInfo|Win32
		{3DB450A0-1817-3889-A9B9-621E20B15224}.Debug|Win32.ActiveCfg = Debug|Win32
		{3DB450A0-1817-3889-A9B9-621E20B15224}.Debug|Win32.Build.0 = Debug|Win32
		{3DB450A0-1817-3889-A9B9-621E20B15224}.Release|Win32.ActiveCfg = Release|Win32
		{3DB450A0-1817-3889-A9B9-621E20B15224}.Release|Win32.Build.0 = Release|Win32
		{3DB450A0-1817-3889-A9B9-621E20B15224}.MinSizeRel|Win32.ActiveCfg = MinSizeRel|Win32
		{3DB450A0-1817-3889-A9B9-621E20B15224}.MinSizeRel|Win32.Build.0 = MinSizeRel|Win32
		{3DB450A0-1817-3889-A9B9-621E20B15224}.RelWithDebInfo|Win32.ActiveCfg = RelWithDebInfo|Win32
		{3DB450A0-1817-3889-A9B9-621E20B15224}.RelWithDebInfo|Win32.Build.0 = RelWithDebInfo|Win32
		{2F280F64-7FC6-34C0-B631-7841F911FF6D}.Debug|Win32.ActiveCfg = Debug|Win32
		{2F280F64-7FC6-34C0-B631-7841F911FF6D}.Debug|Win32.Build.0 = Debug|Win32
		{2F280F64-7FC6-34C0-B631-7841F911FF6D}.Release|Win32.ActiveCfg = Release|Win32
		{2F280F64-7FC6-34C0-B631-7841F911FF6D}.Release|Win32.Build.0 = Release|Win32
		{2F280F64-7FC6-34C0-B631-7841F911FF6D}.MinSizeRel|Win32.ActiveCfg = MinSizeRel|Win32
		{2F280F64-7FC6-34C0-B631-7841F911FF6D}.MinSizeRel|Win32.Build.0 = MinSizeRel|Win32
		{2F280F64-7FC6-34C0-B631-7841F911FF6D}.RelWithDebInfo|Win32.ActiveCfg = RelWithDebInfo|Win32
		{2F280F64-7FC6-34C0-B631-7841F911FF6D}.RelWithDebInfo|Win32.Build.0 = RelWithDebInfo|Win32
		{C52EEDD6-600F-3B7E-99B7-071155346473}.Debug|Win32.ActiveCfg = Debug|Win32
		{C52EEDD6-600F-3B7E-99B7-071155346473}.Debug|Win32.Build.0 = Debug|Win32
		{C52EEDD6-600F-3B7E-99B7-071155346473}.Release|Win32.ActiveCfg = Release|Win32
		{C52EEDD6-600F-3B7E-99B7-071155346473}.Release|Win32.Build.0 = Release|Win32
		{C52EEDD6-600F-3B7E-99B7-071155346473}.MinSizeRel|Win32.ActiveCfg = MinSizeRel|Win32
		{C52EEDD6-600F-3B7E-99B7-071155346473}.MinSizeRel|Win32.Build.0 = MinSizeRel|Win32
		{C52EEDD6-600F-3B7E-99B7-071155346473}.RelWithDebInfo|Win32.ActiveCfg = RelWithDebInfo|Win32
		{C52EEDD6-600F-3B7E-99B7-071155346473}.RelWithDebInfo|Win32.Build.0 = RelWithDebInfo|Win32
		{9A31BEA4-500A-3044-BFF0-ED6F09D1FD2F}.Debug|Win32.ActiveCfg = Debug|Win32
		{9A31BEA4-500A-3044-BFF0-ED6F09D1FD2F}.Debug|Win32.Build.0 = Debug|Win32
		{9A31BEA4-500A-3044-BFF0-ED6F09D1FD2F}.Release|Win32.ActiveCfg = Release|Win32
		{9A31BEA4-500A-3044-BFF0-ED6F09D1FD2F}.Release|Win32.Build.0 = Release|Win32
		{9A31BEA4-500A-3044-BFF0-ED6F09D1FD2F}.MinSizeRel|Win32.ActiveCfg = MinSizeRel|Win32
		{9A31BEA4-500A-3044-BFF0-ED6F09D1FD2F}.MinSizeRel|Win32.Build.0 = MinSizeRel|Win32
		{9A31BEA4-500A-3044-BFF0-ED6F09D1FD2F}.RelWithDebInfo|Win32.ActiveCfg = RelWithDebInfo|Win32
		{9A31BEA4-500A-3044-BFF0-ED6F09D1FD2F}.RelWithDebInfo|Win32.Build.0 = RelWithDebInfo|Win32
		{0DA431B2-9414-3258-870C-6E3FF1DC3E50}.Debug|Win32.ActiveCfg = Debug|Win32
		{0DA431B2-9414-3258-870C-6E3FF1DC3E50}.Debug|Win32.Build.0 = Debug|Win32
		{0DA431B2-9414-3258-870C-6E3FF1DC3E50}.Release|Win32.ActiveCfg = Release|Win32
		{0DA431B2-9414-3258-870C-6E3FF1DC3E50}.Release|Win32.Build.0 = Release|Win32
		{0DA431B2-9414-3258-870C-6E3FF1DC3E50}.MinSizeRel|Win32.ActiveCfg = MinSizeRel|Win32
		{0DA431B2-9414-3258-870C-6E3FF1DC3E50}.MinSizeRel|Win32.Build.0 = MinSizeRel|Win32
		{0DA431B2-9414-3258-870C-6E3FF1DC3E50}.RelWithDebInfo|Win32.ActiveCfg = RelWithDebInfo|Win32
		{0DA431B2-9414-3258-870C-6E3FF1DC3E50}.RelWithDebInfo|Win32.Build.0 = RelWithDebInfo|Win32
	EndGlobalSection
	GlobalSection(ExtensibilityGlobals) = postSolution
		SolutionGuid = {643DB893-7663-3BDE-B614-262C34A303D9}
	EndGlobalSection
	GlobalSection(ExtensibilityAddIns) = postSolution
	EndGlobalSection
EndGlobal
